{
  "name": "health.rightcovercheck",
  "version": "1.0.0",
  "lockfileVersion": 1,
  "requires": true,
  "dependencies": {
    "@fortawesome/fontawesome-free": {
      "version": "5.5.0",
      "resolved": "https://registry.npmjs.org/@fortawesome/fontawesome-free/-/fontawesome-free-5.5.0.tgz",
      "integrity": "sha512-p4lu0jfj5QN013ddArh99r3OXZ/fp9rbovs62LfaO70OMBsAXxtNd0lAq/97fitrscR0fqfd+/a5KNcp6Sh/0A=="
    },
    "@types/knockout": {
      "version": "3.4.59",
      "resolved": "https://registry.npmjs.org/@types/knockout/-/knockout-3.4.59.tgz",
      "integrity": "sha512-uLVb9AWPnQajGE8QETNVS2qPpxTVzsWOWP9dLwBrqfIkatR3mCOoU3QP8idI4YDwRRxdTlYgfSeMFbUOjENvyw=="
    },
    "bootstrap": {
      "version": "4.1.3",
      "resolved": "https://registry.npmjs.org/bootstrap/-/bootstrap-4.1.3.tgz",
      "integrity": "sha512-rDFIzgXcof0jDyjNosjv4Sno77X4KuPeFxG2XZZv1/Kc8DRVGVADdoQyyOVDwPqL36DDmtCQbrpMCqvpPLJQ0w=="
    },
    "bootstrap-datepicker": {
      "version": "1.8.0",
      "resolved": "https://registry.npmjs.org/bootstrap-datepicker/-/bootstrap-datepicker-1.8.0.tgz",
      "integrity": "sha512-213St/G8KT3mjs4qu4qwww74KWysMaIeqgq5OhrboZjIjemIpyuxlSo9FNNI5+KzpkkxkRRba+oewiRGV42B1A==",
      "requires": {
        "jquery": ">=1.7.1 <4.0.0"
      }
    },
    "jquery": {
      "version": "3.3.1",
      "resolved": "https://registry.npmjs.org/jquery/-/jquery-3.3.1.tgz",
      "integrity": "sha512-Ubldcmxp5np52/ENotGxlLe6aGMvmF4R8S6tZjsP6Knsaxd/xp3Zrh50cG93lR6nPXyUFwzN3ZSOQI0wRJNdGg=="
    },
    "jquery-ui": {
      "version": "1.12.1",
      "resolved": "https://registry.npmjs.org/jquery-ui/-/jquery-ui-1.12.1.tgz",
      "integrity": "sha1-vLQEXI3QU5wTS8FIjN0+dop6nlE="
    },
    "knockout": {
      "version": "3.4.2",
      "resolved": "https://registry.npmjs.org/knockout/-/knockout-3.4.2.tgz",
      "integrity": "sha1-6HlY3netHpNvfOZFuri118RW2Tc="
    },
    "knockout-jqueryui": {
      "version": "2.2.3",
      "resolved": "https://registry.npmjs.org/knockout-jqueryui/-/knockout-jqueryui-2.2.3.tgz",
      "integrity": "sha1-bNXEWBYfXRp5HZ2HO4hRRVcRgnc="
    },
    "moment": {
      "version": "2.22.2",
      "resolved": "https://registry.npmjs.org/moment/-/moment-2.22.2.tgz",
      "integrity": "sha1-PCV/mDn8DpP/UxSWMiOeuQeD/2Y="
    },
    "requirejs": {
      "version": "2.3.6",
      "resolved": "https://registry.npmjs.org/requirejs/-/requirejs-2.3.6.tgz",
      "integrity": "sha512-ipEzlWQe6RK3jkzikgCupiTbTvm4S0/CAU5GlgptkN5SO6F3u0UD0K18wy6ErDqiCyP4J4YYe1HuAShvsxePLg=="
    },
    "typescript": {
      "version": "3.1.6",
      "resolved": "https://registry.npmjs.org/typescript/-/typescript-3.1.6.tgz",
      "integrity": "sha512-tDMYfVtvpb96msS1lDX9MEdHrW4yOuZ4Kdc4Him9oU796XldPYF/t2+uKoX0BBa0hXXwDlqYQbXY5Rzjzc5hBA=="
    }
  }
}
